
Microsoft Visual Studio Solution File, Format Version 12.00
# Visual Studio Version 17
VisualStudioVersion = 17.4.33122.133
MinimumVisualStudioVersion = 10.0.40219.1
Project("{FAE04EC0-301F-11D3-BF4B-00C04F79EFBC}") = "HTR", "HTR\HTR.csproj", "{15D165C4-48F1-4D43-A22F-2785B522333E}"
EndProject
Global
	GlobalSection(SolutionConfigurationPlatforms) = preSolution
		Debug|Any CPU = Debug|Any CPU
		Release|Any CPU = Release|Any CPU
	EndGlobalSection
	GlobalSection(ProjectConfigurationPlatforms) = postSolution
		{15D165C4-48F1-4D43-A22F-2785B522333E}.Debug|Any CPU.ActiveCfg = Debug|Any CPU
		{15D165C4-48F1-4D43-A22F-2785B522333E}.Debug|Any CPU.Build.0 = Debug|Any CPU
		{15D165C4-48F1-4D43-A22F-2785B522333E}.Release|Any CPU.ActiveCfg = Release|Any CPU
		{15D165C4-48F1-4D43-A22F-2785B522333E}.Release|Any CPU.Build.0 = Release|Any CPU
	EndGlobalSection
	GlobalSection(SolutionProperties) = preSolution
		HideSolutionNode = FALSE
	EndGlobalSection
	GlobalSection(ExtensibilityGlobals) = postSolution
		SolutionGuid = {C7F368B2-D87F-4A32-A41C-C48F385ACFDB}
	EndGlobalSection
EndGlobal
